PODS:
  - FSCalendar (2.8.2)
  - OceanComponents (1.1.7):
    - FSCalendar
    - OceanTokens
    - SPStorkController
  - OceanTokens (3.1.0)
  - SPStorkController (1.8.5)

DEPENDENCIES:
  - OceanComponents (from `./`)
  - OceanTokens (from `./`)

SPEC REPOS:
  trunk:
    - FSCalendar
    - SPStorkController

EXTERNAL SOURCES:
  OceanComponents:
    :path: "./"
  OceanTokens:
    :path: "./"

SPEC CHECKSUMS:
  FSCalendar: e6a2eb9c571bf0719ed797ef807e08426753c241
  OceanComponents: c0712c96afedb226028752f289698daa449268f2
  OceanTokens: 381d1e8ad998e3e81913eff8d30dc7c5de600ad4
  SPStorkController: 68966ed3134de2be2a8bbd1475c7e81f3f7d01ee

PODFILE CHECKSUM: 284bced81ad8ac1c7bcbb51f2b88af92c6cc18dd

COCOAPODS: 1.10.1
