PODS:
  - OceanComponents (0.1.0):
    - OceanComponents/OceanTokens (= 0.1.0)
    - OceanTokens
  - OceanComponents/OceanTokens (0.1.0):
    - OceanTokens
  - OceanTokens (1.0.0)

DEPENDENCIES:
  - OceanComponents (from `./`)
  - OceanTokens (from `./`)

EXTERNAL SOURCES:
  OceanComponents:
    :path: "./"
  OceanTokens:
    :path: "./"

SPEC CHECKSUMS:
  OceanComponents: 0818a92d367b1a70059c03cf7d6bd726a9364d59
  OceanTokens: 1c0119f3fefd31d7168b749ae438a6c35606dd3f

PODFILE CHECKSUM: c5415bc1b154e002d0bbf0101bb20c3835d55093

COCOAPODS: 1.9.3
