# THIS IS AN AUTOGENERATED FILE. DO NOT EDIT THIS FILE DIRECTLY.
# yarn lockfile v1


"@useblu/tokens@^1.0.0":
  version "1.0.0"
  resolved "https://registry.yarnpkg.com/@useblu/tokens/-/tokens-1.0.0.tgz#279a139ef1f5955173aada9456ae5942cd6cb7c9"
  integrity sha512-KKeogPwd0o6PvYqS7szkQ1/7vmW9hkLKJKrwBCU5mSkQ+mFVBuG4jI61BxXmQ2atUy3CuAElIjnEQw94EJD0+Q==
