// !$*UTF8*$!
{
	archiveVersion = 1;
	classes = {
	};
	objectVersion = 55;
	objects = {

/* Begin PBXBuildFile section */
		1385ADEF2694719B003F6D07 /* TooltipViewController.swift in Sources */ = {isa = PBXBuildFile; fileRef = 1385ADEE2694719B003F6D07 /* TooltipViewController.swift */; };
		138EF63E268502E1000E65EA /* AlertBoxViewController.swift in Sources */ = {isa = PBXBuildFile; fileRef = 138EF63D268502E0000E65EA /* AlertBoxViewController.swift */; };
		13F2534526986B9400883519 /* ModalViewController.swift in Sources */ = {isa = PBXBuildFile; fileRef = 13F2534426986B9400883519 /* ModalViewController.swift */; };
		1B95B14353B2F1B583E717AA /* Pods_OceanDesignSystemTests.framework in Frameworks */ = {isa = PBXBuildFile; fileRef = AC2FB672AAC2DF64A6545D88 /* Pods_OceanDesignSystemTests.framework */; };
		1C8CBC30A7EB8375212384D4 /* Pods_OceanDesignSystem.framework in Frameworks */ = {isa = PBXBuildFile; fileRef = 5D9D9A171B743DED8A2B2297 /* Pods_OceanDesignSystem.framework */; };
		2445B86B26D4147D0067B680 /* ShortcutViewController.swift in Sources */ = {isa = PBXBuildFile; fileRef = 2445B86A26D4147D0067B680 /* ShortcutViewController.swift */; };
		2456BF94268612E800E2361E /* DividerViewController.swift in Sources */ = {isa = PBXBuildFile; fileRef = 2456BF93268612E800E2361E /* DividerViewController.swift */; };
		245E5D812698B90100CCF41D /* TextListViewController.swift in Sources */ = {isa = PBXBuildFile; fileRef = 245E5D802698B90100CCF41D /* TextListViewController.swift */; };
		246535F726E259C20079354A /* TagViewController.swift in Sources */ = {isa = PBXBuildFile; fileRef = 246535F626E259C20079354A /* TagViewController.swift */; };
		246535FC26E28B760079354A /* BadgeViewController.swift in Sources */ = {isa = PBXBuildFile; fileRef = 246535FB26E28B760079354A /* BadgeViewController.swift */; };
		2479450726CAE9E6000F4DF0 /* BottomNavigationBarViewController.swift in Sources */ = {isa = PBXBuildFile; fileRef = 2479450626CAE9E6000F4DF0 /* BottomNavigationBarViewController.swift */; };
		2479453226CFEAD6000F4DF0 /* CarouselViewController.swift in Sources */ = {isa = PBXBuildFile; fileRef = 2479453126CFEAD6000F4DF0 /* CarouselViewController.swift */; };
		2482CDD4267D055100A50422 /* RadioButtonViewController.swift in Sources */ = {isa = PBXBuildFile; fileRef = 2482CDD3267D055100A50422 /* RadioButtonViewController.swift */; };
		2491356C26C5BB10005EE76E /* CheckBoxViewController.swift in Sources */ = {isa = PBXBuildFile; fileRef = 2491356B26C5BB10005EE76E /* CheckBoxViewController.swift */; };
		2491357826C6F634005EE76E /* ProgressIndicatorViewController.swift in Sources */ = {isa = PBXBuildFile; fileRef = 2491357726C6F634005EE76E /* ProgressIndicatorViewController.swift */; };
		249999B626A9CDA5004DAB05 /* NavigationBarViewController.swift in Sources */ = {isa = PBXBuildFile; fileRef = 249999B526A9CDA5004DAB05 /* NavigationBarViewController.swift */; };
		249999BC26AAFB2D004DAB05 /* CardOptionViewController.swift in Sources */ = {isa = PBXBuildFile; fileRef = 249999BB26AAFB2D004DAB05 /* CardOptionViewController.swift */; };
		249DC9402672AD2600012411 /* SwitchViewController.swift in Sources */ = {isa = PBXBuildFile; fileRef = 249DC93F2672AD2600012411 /* SwitchViewController.swift */; };
		24B70BB826E7D0B400C9CE1E /* TransactionListViewController.swift in Sources */ = {isa = PBXBuildFile; fileRef = 24B70BB726E7D0B400C9CE1E /* TransactionListViewController.swift */; };
		24B70BBD26E91F0F00C9CE1E /* CardGroupViewController.swift in Sources */ = {isa = PBXBuildFile; fileRef = 24B70BBC26E91F0F00C9CE1E /* CardGroupViewController.swift */; };
		24C801522682585600744F30 /* OceanDesignSystemTests.swift in Sources */ = {isa = PBXBuildFile; fileRef = 24C801512682585600744F30 /* OceanDesignSystemTests.swift */; };
		24E301B526EF911400D2296C /* SubheaderViewController.swift in Sources */ = {isa = PBXBuildFile; fileRef = 24E301B426EF911400D2296C /* SubheaderViewController.swift */; };
		24E39BA326DE5BCE006B6A02 /* BalanceViewController.swift in Sources */ = {isa = PBXBuildFile; fileRef = 24E39BA226DE5BCE006B6A02 /* BalanceViewController.swift */; };
		24FEEBC12744282E00211FEC /* StepViewController.swift in Sources */ = {isa = PBXBuildFile; fileRef = 24FEEBC02744282E00211FEC /* StepViewController.swift */; };
		4223DDA2293F894C00257DBC /* OrderedListItemViewController.swift in Sources */ = {isa = PBXBuildFile; fileRef = 4223DDA1293F894C00257DBC /* OrderedListItemViewController.swift */; };
		4241FB5227E8AD4B003EF1F3 /* ParentChildTextListViewController.swift in Sources */ = {isa = PBXBuildFile; fileRef = 4241FB5127E8AD4B003EF1F3 /* ParentChildTextListViewController.swift */; };
		4274CD6228AD422100F35540 /* GroupCTAViewController.swift in Sources */ = {isa = PBXBuildFile; fileRef = 4274CD6128AD422100F35540 /* GroupCTAViewController.swift */; };
		8EB41BED27E42D1800F18CC7 /* FloatVerticalMenuListViewController.swift in Sources */ = {isa = PBXBuildFile; fileRef = 8EB41BEC27E42D1800F18CC7 /* FloatVerticalMenuListViewController.swift */; };
		8ECB029F283319340037DC25 /* CardCrossSellViewController.swift in Sources */ = {isa = PBXBuildFile; fileRef = 8ECB029E283319340037DC25 /* CardCrossSellViewController.swift */; };
		8ED08AE727EE075500ACDCB4 /* TabViewController.swift in Sources */ = {isa = PBXBuildFile; fileRef = 8ED08AE627EE075500ACDCB4 /* TabViewController.swift */; };
		AF833AAE2890764F0012AE58 /* TransactionFooterViewController.swift in Sources */ = {isa = PBXBuildFile; fileRef = AF833AAD2890764F0012AE58 /* TransactionFooterViewController.swift */; };
		B71D65C824C8F28100C3938C /* TokensByCategoryViewController.swift in Sources */ = {isa = PBXBuildFile; fileRef = B71D65C724C8F28100C3938C /* TokensByCategoryViewController.swift */; };
		B71D65DC24CA038B00C3938C /* Models.swift in Sources */ = {isa = PBXBuildFile; fileRef = B71D65DB24CA038B00C3938C /* Models.swift */; };
		B71D65E224CA053500C3938C /* TokensBySubCategories.swift in Sources */ = {isa = PBXBuildFile; fileRef = B71D65E124CA053500C3938C /* TokensBySubCategories.swift */; };
		B71D65E724CA2A8200C3938C /* Cells.swift in Sources */ = {isa = PBXBuildFile; fileRef = B71D65E624CA2A8200C3938C /* Cells.swift */; };
		B71D65EA24CA47C500C3938C /* Enums.swift in Sources */ = {isa = PBXBuildFile; fileRef = B71D65E924CA47C500C3938C /* Enums.swift */; };
		B71D65FD24CA530000C3938C /* Components.swift in Sources */ = {isa = PBXBuildFile; fileRef = B71D65FC24CA530000C3938C /* Components.swift */; };
		B75C81FB24F6F5BD001A500B /* ButtonViewController.swift in Sources */ = {isa = PBXBuildFile; fileRef = B75C81FA24F6F5BD001A500B /* ButtonViewController.swift */; };
		B768C52624DDFA740086BF9C /* LineHeightsViewController.swift in Sources */ = {isa = PBXBuildFile; fileRef = B768C52524DDFA740086BF9C /* LineHeightsViewController.swift */; };
		B768C57724E3186C0086BF9C /* InputViewController.swift in Sources */ = {isa = PBXBuildFile; fileRef = B768C57624E3186C0086BF9C /* InputViewController.swift */; };
		B7A4FF7924BF8484006712AA /* ComponentsViewController.swift in Sources */ = {isa = PBXBuildFile; fileRef = B7A4FF7824BF8484006712AA /* ComponentsViewController.swift */; };
		B7BB717924E615B3007F8848 /* SnackbarViewController.swift in Sources */ = {isa = PBXBuildFile; fileRef = B7BB717824E615B3007F8848 /* SnackbarViewController.swift */; };
		B7BB721E24EEE8EB007F8848 /* SnackbarView.xib in Resources */ = {isa = PBXBuildFile; fileRef = B7BB721D24EEE8EB007F8848 /* SnackbarView.xib */; };
		B7BB722024EEEA89007F8848 /* SnackbarView.swift in Sources */ = {isa = PBXBuildFile; fileRef = B7BB721F24EEEA89007F8848 /* SnackbarView.swift */; };
		B7BB722224EEEB6F007F8848 /* NibWrapperView.swift in Sources */ = {isa = PBXBuildFile; fileRef = B7BB722124EEEB6F007F8848 /* NibWrapperView.swift */; };
		B7CA694E24CB4C940051CA6A /* ComponentTypeViewController.swift in Sources */ = {isa = PBXBuildFile; fileRef = B7CA694D24CB4C940051CA6A /* ComponentTypeViewController.swift */; };
		B7CA695024CB56B90051CA6A /* RenderComponentsViewController.swift in Sources */ = {isa = PBXBuildFile; fileRef = B7CA694F24CB56B90051CA6A /* RenderComponentsViewController.swift */; };
		B833D03524A6796100587FDE /* AppDelegate.swift in Sources */ = {isa = PBXBuildFile; fileRef = B833D03424A6796100587FDE /* AppDelegate.swift */; };
		B833D03724A6796100587FDE /* SceneDelegate.swift in Sources */ = {isa = PBXBuildFile; fileRef = B833D03624A6796100587FDE /* SceneDelegate.swift */; };
		B833D03924A6796100587FDE /* TokensViewController.swift in Sources */ = {isa = PBXBuildFile; fileRef = B833D03824A6796100587FDE /* TokensViewController.swift */; };
		B833D03C24A6796100587FDE /* Main.storyboard in Resources */ = {isa = PBXBuildFile; fileRef = B833D03A24A6796100587FDE /* Main.storyboard */; };
		B833D03E24A6796300587FDE /* Assets.xcassets in Resources */ = {isa = PBXBuildFile; fileRef = B833D03D24A6796300587FDE /* Assets.xcassets */; };
		B833D04124A6796300587FDE /* LaunchScreen.storyboard in Resources */ = {isa = PBXBuildFile; fileRef = B833D03F24A6796300587FDE /* LaunchScreen.storyboard */; };
		E13578B729F07252003A2B9D /* FilterBarViewController.swift in Sources */ = {isa = PBXBuildFile; fileRef = E13578B629F07252003A2B9D /* FilterBarViewController.swift */; };
		E1DB7A2428FF243900A0459A /* CardListItemViewController.swift in Sources */ = {isa = PBXBuildFile; fileRef = E1DB7A2328FF243900A0459A /* CardListItemViewController.swift */; };
		E1DBF42929898E4100BCD65B /* SettingsListItemViewController.swift in Sources */ = {isa = PBXBuildFile; fileRef = E1DBF42829898E4100BCD65B /* SettingsListItemViewController.swift */; };
		E985454E275EA0EF0010B9EC /* ChipsViewController.swift in Sources */ = {isa = PBXBuildFile; fileRef = E985454D275EA0EF0010B9EC /* ChipsViewController.swift */; };
/* End PBXBuildFile section */

/* Begin PBXContainerItemProxy section */
		24C801542682585600744F30 /* PBXContainerItemProxy */ = {
			isa = PBXContainerItemProxy;
			containerPortal = B833D02924A6796100587FDE /* Project object */;
			proxyType = 1;
			remoteGlobalIDString = B833D03024A6796100587FDE;
			remoteInfo = OceanDesignSystem;
		};
/* End PBXContainerItemProxy section */

/* Begin PBXCopyFilesBuildPhase section */
		B833D12A24A9839F00587FDE /* Embed Frameworks */ = {
			isa = PBXCopyFilesBuildPhase;
			buildActionMask = 2147483647;
			dstPath = "";
			dstSubfolderSpec = 10;
			files = (
			);
			name = "Embed Frameworks";
			runOnlyForDeploymentPostprocessing = 0;
		};
/* End PBXCopyFilesBuildPhase section */

/* Begin PBXFileReference section */
		043BA5BEEE6D99AE945720B4 /* Pods-OceanDesignSystem.debug.xcconfig */ = {isa = PBXFileReference; includeInIndex = 1; lastKnownFileType = text.xcconfig; name = "Pods-OceanDesignSystem.debug.xcconfig"; path = "Target Support Files/Pods-OceanDesignSystem/Pods-OceanDesignSystem.debug.xcconfig"; sourceTree = "<group>"; };
		1385ADEE2694719B003F6D07 /* TooltipViewController.swift */ = {isa = PBXFileReference; lastKnownFileType = sourcecode.swift; path = TooltipViewController.swift; sourceTree = "<group>"; };
		138EF63D268502E0000E65EA /* AlertBoxViewController.swift */ = {isa = PBXFileReference; lastKnownFileType = sourcecode.swift; path = AlertBoxViewController.swift; sourceTree = "<group>"; };
		13F2534426986B9400883519 /* ModalViewController.swift */ = {isa = PBXFileReference; lastKnownFileType = sourcecode.swift; path = ModalViewController.swift; sourceTree = "<group>"; };
		2445B86A26D4147D0067B680 /* ShortcutViewController.swift */ = {isa = PBXFileReference; lastKnownFileType = sourcecode.swift; path = ShortcutViewController.swift; sourceTree = "<group>"; };
		2456BF93268612E800E2361E /* DividerViewController.swift */ = {isa = PBXFileReference; lastKnownFileType = sourcecode.swift; path = DividerViewController.swift; sourceTree = "<group>"; };
		245E5D802698B90100CCF41D /* TextListViewController.swift */ = {isa = PBXFileReference; lastKnownFileType = sourcecode.swift; path = TextListViewController.swift; sourceTree = "<group>"; };
		246535F626E259C20079354A /* TagViewController.swift */ = {isa = PBXFileReference; lastKnownFileType = sourcecode.swift; path = TagViewController.swift; sourceTree = "<group>"; };
		246535FB26E28B760079354A /* BadgeViewController.swift */ = {isa = PBXFileReference; lastKnownFileType = sourcecode.swift; path = BadgeViewController.swift; sourceTree = "<group>"; };
		2479450626CAE9E6000F4DF0 /* BottomNavigationBarViewController.swift */ = {isa = PBXFileReference; lastKnownFileType = sourcecode.swift; path = BottomNavigationBarViewController.swift; sourceTree = "<group>"; };
		2479453126CFEAD6000F4DF0 /* CarouselViewController.swift */ = {isa = PBXFileReference; lastKnownFileType = sourcecode.swift; path = CarouselViewController.swift; sourceTree = "<group>"; };
		2482CDD3267D055100A50422 /* RadioButtonViewController.swift */ = {isa = PBXFileReference; lastKnownFileType = sourcecode.swift; path = RadioButtonViewController.swift; sourceTree = "<group>"; };
		2491356B26C5BB10005EE76E /* CheckBoxViewController.swift */ = {isa = PBXFileReference; lastKnownFileType = sourcecode.swift; path = CheckBoxViewController.swift; sourceTree = "<group>"; };
		2491357726C6F634005EE76E /* ProgressIndicatorViewController.swift */ = {isa = PBXFileReference; lastKnownFileType = sourcecode.swift; path = ProgressIndicatorViewController.swift; sourceTree = "<group>"; };
		249999B526A9CDA5004DAB05 /* NavigationBarViewController.swift */ = {isa = PBXFileReference; lastKnownFileType = sourcecode.swift; path = NavigationBarViewController.swift; sourceTree = "<group>"; };
		249999BB26AAFB2D004DAB05 /* CardOptionViewController.swift */ = {isa = PBXFileReference; lastKnownFileType = sourcecode.swift; path = CardOptionViewController.swift; sourceTree = "<group>"; };
		249DC93F2672AD2600012411 /* SwitchViewController.swift */ = {isa = PBXFileReference; lastKnownFileType = sourcecode.swift; path = SwitchViewController.swift; sourceTree = "<group>"; };
		24B70BB726E7D0B400C9CE1E /* TransactionListViewController.swift */ = {isa = PBXFileReference; lastKnownFileType = sourcecode.swift; path = TransactionListViewController.swift; sourceTree = "<group>"; };
		24B70BBC26E91F0F00C9CE1E /* CardGroupViewController.swift */ = {isa = PBXFileReference; lastKnownFileType = sourcecode.swift; path = CardGroupViewController.swift; sourceTree = "<group>"; };
		24C8014F2682585600744F30 /* OceanDesignSystemTests.xctest */ = {isa = PBXFileReference; explicitFileType = wrapper.cfbundle; includeInIndex = 0; path = OceanDesignSystemTests.xctest; sourceTree = BUILT_PRODUCTS_DIR; };
		24C801512682585600744F30 /* OceanDesignSystemTests.swift */ = {isa = PBXFileReference; lastKnownFileType = sourcecode.swift; path = OceanDesignSystemTests.swift; sourceTree = "<group>"; };
		24C801532682585600744F30 /* Info.plist */ = {isa = PBXFileReference; lastKnownFileType = text.plist.xml; path = Info.plist; sourceTree = "<group>"; };
		24E301B426EF911400D2296C /* SubheaderViewController.swift */ = {isa = PBXFileReference; lastKnownFileType = sourcecode.swift; path = SubheaderViewController.swift; sourceTree = "<group>"; };
		24E39BA226DE5BCE006B6A02 /* BalanceViewController.swift */ = {isa = PBXFileReference; lastKnownFileType = sourcecode.swift; path = BalanceViewController.swift; sourceTree = "<group>"; };
		24FEEBC02744282E00211FEC /* StepViewController.swift */ = {isa = PBXFileReference; lastKnownFileType = sourcecode.swift; path = StepViewController.swift; sourceTree = "<group>"; };
		2FDF6A3790FFDCE821511C4F /* Pods-OceanDesignSystemTests.debug.xcconfig */ = {isa = PBXFileReference; includeInIndex = 1; lastKnownFileType = text.xcconfig; name = "Pods-OceanDesignSystemTests.debug.xcconfig"; path = "Target Support Files/Pods-OceanDesignSystemTests/Pods-OceanDesignSystemTests.debug.xcconfig"; sourceTree = "<group>"; };
		4223DDA1293F894C00257DBC /* OrderedListItemViewController.swift */ = {isa = PBXFileReference; lastKnownFileType = sourcecode.swift; path = OrderedListItemViewController.swift; sourceTree = "<group>"; };
		4241FB5127E8AD4B003EF1F3 /* ParentChildTextListViewController.swift */ = {isa = PBXFileReference; lastKnownFileType = sourcecode.swift; path = ParentChildTextListViewController.swift; sourceTree = "<group>"; };
		4274CD6128AD422100F35540 /* GroupCTAViewController.swift */ = {isa = PBXFileReference; lastKnownFileType = sourcecode.swift; path = GroupCTAViewController.swift; sourceTree = "<group>"; };
		5D9D9A171B743DED8A2B2297 /* Pods_OceanDesignSystem.framework */ = {isa = PBXFileReference; explicitFileType = wrapper.framework; includeInIndex = 0; path = Pods_OceanDesignSystem.framework; sourceTree = BUILT_PRODUCTS_DIR; };
		8EB41BEC27E42D1800F18CC7 /* FloatVerticalMenuListViewController.swift */ = {isa = PBXFileReference; lastKnownFileType = sourcecode.swift; path = FloatVerticalMenuListViewController.swift; sourceTree = "<group>"; };
		8ECB029E283319340037DC25 /* CardCrossSellViewController.swift */ = {isa = PBXFileReference; lastKnownFileType = sourcecode.swift; path = CardCrossSellViewController.swift; sourceTree = "<group>"; };
		8ED08AE627EE075500ACDCB4 /* TabViewController.swift */ = {isa = PBXFileReference; lastKnownFileType = sourcecode.swift; path = TabViewController.swift; sourceTree = "<group>"; };
		A7964E389FBEAFC86B3DC30B /* Pods-OceanDesignSystem.release.xcconfig */ = {isa = PBXFileReference; includeInIndex = 1; lastKnownFileType = text.xcconfig; name = "Pods-OceanDesignSystem.release.xcconfig"; path = "Target Support Files/Pods-OceanDesignSystem/Pods-OceanDesignSystem.release.xcconfig"; sourceTree = "<group>"; };
		AC2FB672AAC2DF64A6545D88 /* Pods_OceanDesignSystemTests.framework */ = {isa = PBXFileReference; explicitFileType = wrapper.framework; includeInIndex = 0; path = Pods_OceanDesignSystemTests.framework; sourceTree = BUILT_PRODUCTS_DIR; };
		AF833AAD2890764F0012AE58 /* TransactionFooterViewController.swift */ = {isa = PBXFileReference; lastKnownFileType = sourcecode.swift; path = TransactionFooterViewController.swift; sourceTree = "<group>"; };
		B71D65C724C8F28100C3938C /* TokensByCategoryViewController.swift */ = {isa = PBXFileReference; lastKnownFileType = sourcecode.swift; path = TokensByCategoryViewController.swift; sourceTree = "<group>"; };
		B71D65DB24CA038B00C3938C /* Models.swift */ = {isa = PBXFileReference; lastKnownFileType = sourcecode.swift; path = Models.swift; sourceTree = "<group>"; };
		B71D65E124CA053500C3938C /* TokensBySubCategories.swift */ = {isa = PBXFileReference; lastKnownFileType = sourcecode.swift; path = TokensBySubCategories.swift; sourceTree = "<group>"; };
		B71D65E624CA2A8200C3938C /* Cells.swift */ = {isa = PBXFileReference; lastKnownFileType = sourcecode.swift; path = Cells.swift; sourceTree = "<group>"; };
		B71D65E924CA47C500C3938C /* Enums.swift */ = {isa = PBXFileReference; lastKnownFileType = sourcecode.swift; path = Enums.swift; sourceTree = "<group>"; };
		B71D65FC24CA530000C3938C /* Components.swift */ = {isa = PBXFileReference; lastKnownFileType = sourcecode.swift; path = Components.swift; sourceTree = "<group>"; };
		B75C81FA24F6F5BD001A500B /* ButtonViewController.swift */ = {isa = PBXFileReference; lastKnownFileType = sourcecode.swift; path = ButtonViewController.swift; sourceTree = "<group>"; };
		B768C52524DDFA740086BF9C /* LineHeightsViewController.swift */ = {isa = PBXFileReference; lastKnownFileType = sourcecode.swift; path = LineHeightsViewController.swift; sourceTree = "<group>"; };
		B768C57624E3186C0086BF9C /* InputViewController.swift */ = {isa = PBXFileReference; lastKnownFileType = sourcecode.swift; path = InputViewController.swift; sourceTree = "<group>"; };
		B7A4FF7824BF8484006712AA /* ComponentsViewController.swift */ = {isa = PBXFileReference; lastKnownFileType = sourcecode.swift; path = ComponentsViewController.swift; sourceTree = "<group>"; };
		B7BB717824E615B3007F8848 /* SnackbarViewController.swift */ = {isa = PBXFileReference; lastKnownFileType = sourcecode.swift; path = SnackbarViewController.swift; sourceTree = "<group>"; };
		B7BB721D24EEE8EB007F8848 /* SnackbarView.xib */ = {isa = PBXFileReference; lastKnownFileType = file.xib; path = SnackbarView.xib; sourceTree = "<group>"; };
		B7BB721F24EEEA89007F8848 /* SnackbarView.swift */ = {isa = PBXFileReference; lastKnownFileType = sourcecode.swift; path = SnackbarView.swift; sourceTree = "<group>"; };
		B7BB722124EEEB6F007F8848 /* NibWrapperView.swift */ = {isa = PBXFileReference; lastKnownFileType = sourcecode.swift; path = NibWrapperView.swift; sourceTree = "<group>"; };
		B7CA694D24CB4C940051CA6A /* ComponentTypeViewController.swift */ = {isa = PBXFileReference; lastKnownFileType = sourcecode.swift; path = ComponentTypeViewController.swift; sourceTree = "<group>"; };
		B7CA694F24CB56B90051CA6A /* RenderComponentsViewController.swift */ = {isa = PBXFileReference; lastKnownFileType = sourcecode.swift; path = RenderComponentsViewController.swift; sourceTree = "<group>"; };
		B833D03124A6796100587FDE /* OceanDesignSystem.app */ = {isa = PBXFileReference; explicitFileType = wrapper.application; includeInIndex = 0; path = OceanDesignSystem.app; sourceTree = BUILT_PRODUCTS_DIR; };
		B833D03424A6796100587FDE /* AppDelegate.swift */ = {isa = PBXFileReference; lastKnownFileType = sourcecode.swift; path = AppDelegate.swift; sourceTree = "<group>"; };
		B833D03624A6796100587FDE /* SceneDelegate.swift */ = {isa = PBXFileReference; lastKnownFileType = sourcecode.swift; path = SceneDelegate.swift; sourceTree = "<group>"; };
		B833D03824A6796100587FDE /* TokensViewController.swift */ = {isa = PBXFileReference; lastKnownFileType = sourcecode.swift; path = TokensViewController.swift; sourceTree = "<group>"; };
		B833D03B24A6796100587FDE /* Base */ = {isa = PBXFileReference; lastKnownFileType = file.storyboard; name = Base; path = Base.lproj/Main.storyboard; sourceTree = "<group>"; };
		B833D03D24A6796300587FDE /* Assets.xcassets */ = {isa = PBXFileReference; lastKnownFileType = folder.assetcatalog; path = Assets.xcassets; sourceTree = "<group>"; };
		B833D04024A6796300587FDE /* Base */ = {isa = PBXFileReference; lastKnownFileType = file.storyboard; name = Base; path = Base.lproj/LaunchScreen.storyboard; sourceTree = "<group>"; };
		B833D04224A6796300587FDE /* Info.plist */ = {isa = PBXFileReference; lastKnownFileType = text.plist.xml; path = Info.plist; sourceTree = "<group>"; };
		DEF0897C97A977F0864993D7 /* Pods-OceanDesignSystemTests.release.xcconfig */ = {isa = PBXFileReference; includeInIndex = 1; lastKnownFileType = text.xcconfig; name = "Pods-OceanDesignSystemTests.release.xcconfig"; path = "Target Support Files/Pods-OceanDesignSystemTests/Pods-OceanDesignSystemTests.release.xcconfig"; sourceTree = "<group>"; };
		E13578B629F07252003A2B9D /* FilterBarViewController.swift */ = {isa = PBXFileReference; lastKnownFileType = sourcecode.swift; path = FilterBarViewController.swift; sourceTree = "<group>"; };
		E1DB7A2328FF243900A0459A /* CardListItemViewController.swift */ = {isa = PBXFileReference; lastKnownFileType = sourcecode.swift; path = CardListItemViewController.swift; sourceTree = "<group>"; };
		E1DBF42829898E4100BCD65B /* SettingsListItemViewController.swift */ = {isa = PBXFileReference; lastKnownFileType = sourcecode.swift; path = SettingsListItemViewController.swift; sourceTree = "<group>"; };
		E985454D275EA0EF0010B9EC /* ChipsViewController.swift */ = {isa = PBXFileReference; lastKnownFileType = sourcecode.swift; path = ChipsViewController.swift; sourceTree = "<group>"; };
/* End PBXFileReference section */

/* Begin PBXFrameworksBuildPhase section */
		24C8014C2682585600744F30 /* Frameworks */ = {
			isa = PBXFrameworksBuildPhase;
			buildActionMask = 2147483647;
			files = (
				1B95B14353B2F1B583E717AA /* Pods_OceanDesignSystemTests.framework in Frameworks */,
			);
			runOnlyForDeploymentPostprocessing = 0;
		};
		B833D02E24A6796100587FDE /* Frameworks */ = {
			isa = PBXFrameworksBuildPhase;
			buildActionMask = 2147483647;
			files = (
				1C8CBC30A7EB8375212384D4 /* Pods_OceanDesignSystem.framework in Frameworks */,
			);
			runOnlyForDeploymentPostprocessing = 0;
		};
/* End PBXFrameworksBuildPhase section */

/* Begin PBXGroup section */
		249999B726A9CE7A004DAB05 /* Components */ = {
			isa = PBXGroup;
			children = (
				B7A4FF7824BF8484006712AA /* ComponentsViewController.swift */,
				B7CA694D24CB4C940051CA6A /* ComponentTypeViewController.swift */,
				B7CA694F24CB56B90051CA6A /* RenderComponentsViewController.swift */,
				B768C57624E3186C0086BF9C /* InputViewController.swift */,
				B7BB717824E615B3007F8848 /* SnackbarViewController.swift */,
				B75C81FA24F6F5BD001A500B /* ButtonViewController.swift */,
				249DC93F2672AD2600012411 /* SwitchViewController.swift */,
				2482CDD3267D055100A50422 /* RadioButtonViewController.swift */,
				138EF63D268502E0000E65EA /* AlertBoxViewController.swift */,
				1385ADEE2694719B003F6D07 /* TooltipViewController.swift */,
				13F2534426986B9400883519 /* ModalViewController.swift */,
				2456BF93268612E800E2361E /* DividerViewController.swift */,
				245E5D802698B90100CCF41D /* TextListViewController.swift */,
				249999B526A9CDA5004DAB05 /* NavigationBarViewController.swift */,
				249999BB26AAFB2D004DAB05 /* CardOptionViewController.swift */,
				2491356B26C5BB10005EE76E /* CheckBoxViewController.swift */,
				2491357726C6F634005EE76E /* ProgressIndicatorViewController.swift */,
				2479450626CAE9E6000F4DF0 /* BottomNavigationBarViewController.swift */,
				2479453126CFEAD6000F4DF0 /* CarouselViewController.swift */,
				2445B86A26D4147D0067B680 /* ShortcutViewController.swift */,
				24E39BA226DE5BCE006B6A02 /* BalanceViewController.swift */,
				246535F626E259C20079354A /* TagViewController.swift */,
				246535FB26E28B760079354A /* BadgeViewController.swift */,
				24B70BB726E7D0B400C9CE1E /* TransactionListViewController.swift */,
				AF833AAD2890764F0012AE58 /* TransactionFooterViewController.swift */,
				24B70BBC26E91F0F00C9CE1E /* CardGroupViewController.swift */,
				24E301B426EF911400D2296C /* SubheaderViewController.swift */,
				24FEEBC02744282E00211FEC /* StepViewController.swift */,
				E985454D275EA0EF0010B9EC /* ChipsViewController.swift */,
				4241FB5127E8AD4B003EF1F3 /* ParentChildTextListViewController.swift */,
				8EB41BEC27E42D1800F18CC7 /* FloatVerticalMenuListViewController.swift */,
				8ED08AE627EE075500ACDCB4 /* TabViewController.swift */,
				8ECB029E283319340037DC25 /* CardCrossSellViewController.swift */,
				4274CD6128AD422100F35540 /* GroupCTAViewController.swift */,
				E1DB7A2328FF243900A0459A /* CardListItemViewController.swift */,
				4223DDA1293F894C00257DBC /* OrderedListItemViewController.swift */,
				E1DBF42829898E4100BCD65B /* SettingsListItemViewController.swift */,
				E13578B629F07252003A2B9D /* FilterBarViewController.swift */,
			);
			path = Components;
			sourceTree = "<group>";
		};
		24C801502682585600744F30 /* OceanDesignSystemTests */ = {
			isa = PBXGroup;
			children = (
				24C801512682585600744F30 /* OceanDesignSystemTests.swift */,
				24C801532682585600744F30 /* Info.plist */,
			);
			path = OceanDesignSystemTests;
			sourceTree = "<group>";
		};
		B71D65DA24CA037500C3938C /* Models */ = {
			isa = PBXGroup;
			children = (
				B71D65DB24CA038B00C3938C /* Models.swift */,
				B71D65FC24CA530000C3938C /* Components.swift */,
			);
			path = Models;
			sourceTree = "<group>";
		};
		B71D65E024CA050B00C3938C /* Controllers */ = {
			isa = PBXGroup;
			children = (
				249999B726A9CE7A004DAB05 /* Components */,
				B833D03824A6796100587FDE /* TokensViewController.swift */,
				B71D65C724C8F28100C3938C /* TokensByCategoryViewController.swift */,
				B71D65E124CA053500C3938C /* TokensBySubCategories.swift */,
				B768C52524DDFA740086BF9C /* LineHeightsViewController.swift */,
			);
			path = Controllers;
			sourceTree = "<group>";
		};
		B71D65E524CA2A6900C3938C /* Cells */ = {
			isa = PBXGroup;
			children = (
				B71D65E624CA2A8200C3938C /* Cells.swift */,
			);
			path = Cells;
			sourceTree = "<group>";
		};
		B71D65E824CA47B700C3938C /* Enums */ = {
			isa = PBXGroup;
			children = (
				B71D65E924CA47C500C3938C /* Enums.swift */,
			);
			path = Enums;
			sourceTree = "<group>";
		};
		B7BB708424E46BA3007F8848 /* Xibs */ = {
			isa = PBXGroup;
			children = (
				B7BB721D24EEE8EB007F8848 /* SnackbarView.xib */,
				B7BB721F24EEEA89007F8848 /* SnackbarView.swift */,
				B7BB722124EEEB6F007F8848 /* NibWrapperView.swift */,
			);
			path = Xibs;
			sourceTree = "<group>";
		};
		B833D02824A6796100587FDE = {
			isa = PBXGroup;
			children = (
				B833D03324A6796100587FDE /* OceanDesignSystem */,
				24C801502682585600744F30 /* OceanDesignSystemTests */,
				B833D03224A6796100587FDE /* Products */,
				DE43E9D2BE865C23C41C8096 /* Pods */,
				D9B94E76DDE1BFF01047EFE7 /* Frameworks */,
			);
			sourceTree = "<group>";
		};
		B833D03224A6796100587FDE /* Products */ = {
			isa = PBXGroup;
			children = (
				B833D03124A6796100587FDE /* OceanDesignSystem.app */,
				24C8014F2682585600744F30 /* OceanDesignSystemTests.xctest */,
			);
			name = Products;
			sourceTree = "<group>";
		};
		B833D03324A6796100587FDE /* OceanDesignSystem */ = {
			isa = PBXGroup;
			children = (
				B7BB708424E46BA3007F8848 /* Xibs */,
				B71D65E824CA47B700C3938C /* Enums */,
				B71D65E524CA2A6900C3938C /* Cells */,
				B71D65E024CA050B00C3938C /* Controllers */,
				B71D65DA24CA037500C3938C /* Models */,
				B833D03424A6796100587FDE /* AppDelegate.swift */,
				B833D03624A6796100587FDE /* SceneDelegate.swift */,
				B833D03A24A6796100587FDE /* Main.storyboard */,
				B833D03D24A6796300587FDE /* Assets.xcassets */,
				B833D03F24A6796300587FDE /* LaunchScreen.storyboard */,
				B833D04224A6796300587FDE /* Info.plist */,
			);
			path = OceanDesignSystem;
			sourceTree = "<group>";
		};
		D9B94E76DDE1BFF01047EFE7 /* Frameworks */ = {
			isa = PBXGroup;
			children = (
				5D9D9A171B743DED8A2B2297 /* Pods_OceanDesignSystem.framework */,
				AC2FB672AAC2DF64A6545D88 /* Pods_OceanDesignSystemTests.framework */,
			);
			name = Frameworks;
			sourceTree = "<group>";
		};
		DE43E9D2BE865C23C41C8096 /* Pods */ = {
			isa = PBXGroup;
			children = (
				043BA5BEEE6D99AE945720B4 /* Pods-OceanDesignSystem.debug.xcconfig */,
				A7964E389FBEAFC86B3DC30B /* Pods-OceanDesignSystem.release.xcconfig */,
				2FDF6A3790FFDCE821511C4F /* Pods-OceanDesignSystemTests.debug.xcconfig */,
				DEF0897C97A977F0864993D7 /* Pods-OceanDesignSystemTests.release.xcconfig */,
			);
			path = Pods;
			sourceTree = "<group>";
		};
/* End PBXGroup section */

/* Begin PBXNativeTarget section */
		24C8014E2682585600744F30 /* OceanDesignSystemTests */ = {
			isa = PBXNativeTarget;
			buildConfigurationList = 24C801582682585600744F30 /* Build configuration list for PBXNativeTarget "OceanDesignSystemTests" */;
			buildPhases = (
				5AC74C3C65CC4D36FFEBF23F /* [CP] Check Pods Manifest.lock */,
				24C8014B2682585600744F30 /* Sources */,
				24C8014C2682585600744F30 /* Frameworks */,
				24C8014D2682585600744F30 /* Resources */,
				8F1437718C75D222AC46C6A9 /* [CP] Embed Pods Frameworks */,
			);
			buildRules = (
			);
			dependencies = (
				24C801552682585600744F30 /* PBXTargetDependency */,
			);
			name = OceanDesignSystemTests;
			productName = OceanDesignSystemTests;
			productReference = 24C8014F2682585600744F30 /* OceanDesignSystemTests.xctest */;
			productType = "com.apple.product-type.bundle.unit-test";
		};
		B833D03024A6796100587FDE /* OceanDesignSystem */ = {
			isa = PBXNativeTarget;
			buildConfigurationList = B833D04524A6796300587FDE /* Build configuration list for PBXNativeTarget "OceanDesignSystem" */;
			buildPhases = (
				D43841BF5FE093B13333899F /* [CP] Check Pods Manifest.lock */,
				B833D02D24A6796100587FDE /* Sources */,
				B833D02E24A6796100587FDE /* Frameworks */,
				B833D02F24A6796100587FDE /* Resources */,
				B833D12A24A9839F00587FDE /* Embed Frameworks */,
				8E2DF72AA6C26046BC6C4189 /* [CP] Embed Pods Frameworks */,
			);
			buildRules = (
			);
			dependencies = (
			);
			name = OceanDesignSystem;
			productName = OceanDesignSystem;
			productReference = B833D03124A6796100587FDE /* OceanDesignSystem.app */;
			productType = "com.apple.product-type.application";
		};
/* End PBXNativeTarget section */

/* Begin PBXProject section */
		B833D02924A6796100587FDE /* Project object */ = {
			isa = PBXProject;
			attributes = {
				LastSwiftUpdateCheck = 1250;
				LastUpgradeCheck = 1340;
				ORGANIZATIONNAME = "Blu Pagamentos";
				TargetAttributes = {
					24C8014E2682585600744F30 = {
						CreatedOnToolsVersion = 12.5;
						TestTargetID = B833D03024A6796100587FDE;
					};
					B833D03024A6796100587FDE = {
						CreatedOnToolsVersion = 11.5;
					};
				};
			};
			buildConfigurationList = B833D02C24A6796100587FDE /* Build configuration list for PBXProject "OceanDesignSystem" */;
			compatibilityVersion = "Xcode 13.0";
			developmentRegion = en;
			hasScannedForEncodings = 0;
			knownRegions = (
				en,
				Base,
			);
			mainGroup = B833D02824A6796100587FDE;
			productRefGroup = B833D03224A6796100587FDE /* Products */;
			projectDirPath = "";
			projectRoot = "";
			targets = (
				B833D03024A6796100587FDE /* OceanDesignSystem */,
				24C8014E2682585600744F30 /* OceanDesignSystemTests */,
			);
		};
/* End PBXProject section */

/* Begin PBXResourcesBuildPhase section */
		24C8014D2682585600744F30 /* Resources */ = {
			isa = PBXResourcesBuildPhase;
			buildActionMask = 2147483647;
			files = (
			);
			runOnlyForDeploymentPostprocessing = 0;
		};
		B833D02F24A6796100587FDE /* Resources */ = {
			isa = PBXResourcesBuildPhase;
			buildActionMask = 2147483647;
			files = (
				B833D04124A6796300587FDE /* LaunchScreen.storyboard in Resources */,
				B7BB721E24EEE8EB007F8848 /* SnackbarView.xib in Resources */,
				B833D03E24A6796300587FDE /* Assets.xcassets in Resources */,
				B833D03C24A6796100587FDE /* Main.storyboard in Resources */,
			);
			runOnlyForDeploymentPostprocessing = 0;
		};
/* End PBXResourcesBuildPhase section */

/* Begin PBXShellScriptBuildPhase section */
		5AC74C3C65CC4D36FFEBF23F /* [CP] Check Pods Manifest.lock */ = {
			isa = PBXShellScriptBuildPhase;
			buildActionMask = 2147483647;
			files = (
			);
			inputFileListPaths = (
			);
			inputPaths = (
				"${PODS_PODFILE_DIR_PATH}/Podfile.lock",
				"${PODS_ROOT}/Manifest.lock",
			);
			name = "[CP] Check Pods Manifest.lock";
			outputFileListPaths = (
			);
			outputPaths = (
				"$(DERIVED_FILE_DIR)/Pods-OceanDesignSystemTests-checkManifestLockResult.txt",
			);
			runOnlyForDeploymentPostprocessing = 0;
			shellPath = /bin/sh;
			shellScript = "diff \"${PODS_PODFILE_DIR_PATH}/Podfile.lock\" \"${PODS_ROOT}/Manifest.lock\" > /dev/null\nif [ $? != 0 ] ; then\n    # print error to STDERR\n    echo \"error: The sandbox is not in sync with the Podfile.lock. Run 'pod install' or update your CocoaPods installation.\" >&2\n    exit 1\nfi\n# This output is used by Xcode 'outputs' to avoid re-running this script phase.\necho \"SUCCESS\" > \"${SCRIPT_OUTPUT_FILE_0}\"\n";
			showEnvVarsInLog = 0;
		};
		8E2DF72AA6C26046BC6C4189 /* [CP] Embed Pods Frameworks */ = {
			isa = PBXShellScriptBuildPhase;
			buildActionMask = 2147483647;
			files = (
			);
			inputFileListPaths = (
				"${PODS_ROOT}/Target Support Files/Pods-OceanDesignSystem/Pods-OceanDesignSystem-frameworks-${CONFIGURATION}-input-files.xcfilelist",
			);
			name = "[CP] Embed Pods Frameworks";
			outputFileListPaths = (
				"${PODS_ROOT}/Target Support Files/Pods-OceanDesignSystem/Pods-OceanDesignSystem-frameworks-${CONFIGURATION}-output-files.xcfilelist",
			);
			runOnlyForDeploymentPostprocessing = 0;
			shellPath = /bin/sh;
			shellScript = "\"${PODS_ROOT}/Target Support Files/Pods-OceanDesignSystem/Pods-OceanDesignSystem-frameworks.sh\"\n";
			showEnvVarsInLog = 0;
		};
		8F1437718C75D222AC46C6A9 /* [CP] Embed Pods Frameworks */ = {
			isa = PBXShellScriptBuildPhase;
			buildActionMask = 2147483647;
			files = (
			);
			inputFileListPaths = (
				"${PODS_ROOT}/Target Support Files/Pods-OceanDesignSystemTests/Pods-OceanDesignSystemTests-frameworks-${CONFIGURATION}-input-files.xcfilelist",
			);
			name = "[CP] Embed Pods Frameworks";
			outputFileListPaths = (
				"${PODS_ROOT}/Target Support Files/Pods-OceanDesignSystemTests/Pods-OceanDesignSystemTests-frameworks-${CONFIGURATION}-output-files.xcfilelist",
			);
			runOnlyForDeploymentPostprocessing = 0;
			shellPath = /bin/sh;
			shellScript = "\"${PODS_ROOT}/Target Support Files/Pods-OceanDesignSystemTests/Pods-OceanDesignSystemTests-frameworks.sh\"\n";
			showEnvVarsInLog = 0;
		};
		D43841BF5FE093B13333899F /* [CP] Check Pods Manifest.lock */ = {
			isa = PBXShellScriptBuildPhase;
			buildActionMask = 2147483647;
			files = (
			);
			inputFileListPaths = (
			);
			inputPaths = (
				"${PODS_PODFILE_DIR_PATH}/Podfile.lock",
				"${PODS_ROOT}/Manifest.lock",
			);
			name = "[CP] Check Pods Manifest.lock";
			outputFileListPaths = (
			);
			outputPaths = (
				"$(DERIVED_FILE_DIR)/Pods-OceanDesignSystem-checkManifestLockResult.txt",
			);
			runOnlyForDeploymentPostprocessing = 0;
			shellPath = /bin/sh;
			shellScript = "diff \"${PODS_PODFILE_DIR_PATH}/Podfile.lock\" \"${PODS_ROOT}/Manifest.lock\" > /dev/null\nif [ $? != 0 ] ; then\n    # print error to STDERR\n    echo \"error: The sandbox is not in sync with the Podfile.lock. Run 'pod install' or update your CocoaPods installation.\" >&2\n    exit 1\nfi\n# This output is used by Xcode 'outputs' to avoid re-running this script phase.\necho \"SUCCESS\" > \"${SCRIPT_OUTPUT_FILE_0}\"\n";
			showEnvVarsInLog = 0;
		};
/* End PBXShellScriptBuildPhase section */

/* Begin PBXSourcesBuildPhase section */
		24C8014B2682585600744F30 /* Sources */ = {
			isa = PBXSourcesBuildPhase;
			buildActionMask = 2147483647;
			files = (
				24C801522682585600744F30 /* OceanDesignSystemTests.swift in Sources */,
			);
			runOnlyForDeploymentPostprocessing = 0;
		};
		B833D02D24A6796100587FDE /* Sources */ = {
			isa = PBXSourcesBuildPhase;
			buildActionMask = 2147483647;
			files = (
				B7CA695024CB56B90051CA6A /* RenderComponentsViewController.swift in Sources */,
				249999B626A9CDA5004DAB05 /* NavigationBarViewController.swift in Sources */,
				B71D65C824C8F28100C3938C /* TokensByCategoryViewController.swift in Sources */,
				24B70BB826E7D0B400C9CE1E /* TransactionListViewController.swift in Sources */,
				2491357826C6F634005EE76E /* ProgressIndicatorViewController.swift in Sources */,
				4223DDA2293F894C00257DBC /* OrderedListItemViewController.swift in Sources */,
				B833D03924A6796100587FDE /* TokensViewController.swift in Sources */,
				8EB41BED27E42D1800F18CC7 /* FloatVerticalMenuListViewController.swift in Sources */,
				B71D65EA24CA47C500C3938C /* Enums.swift in Sources */,
				B7CA694E24CB4C940051CA6A /* ComponentTypeViewController.swift in Sources */,
				245E5D812698B90100CCF41D /* TextListViewController.swift in Sources */,
				2445B86B26D4147D0067B680 /* ShortcutViewController.swift in Sources */,
				B833D03524A6796100587FDE /* AppDelegate.swift in Sources */,
				4274CD6228AD422100F35540 /* GroupCTAViewController.swift in Sources */,
				B7BB722224EEEB6F007F8848 /* NibWrapperView.swift in Sources */,
				1385ADEF2694719B003F6D07 /* TooltipViewController.swift in Sources */,
				B71D65DC24CA038B00C3938C /* Models.swift in Sources */,
				249DC9402672AD2600012411 /* SwitchViewController.swift in Sources */,
				B768C52624DDFA740086BF9C /* LineHeightsViewController.swift in Sources */,
				B71D65E224CA053500C3938C /* TokensBySubCategories.swift in Sources */,
				B75C81FB24F6F5BD001A500B /* ButtonViewController.swift in Sources */,
				B7A4FF7924BF8484006712AA /* ComponentsViewController.swift in Sources */,
				24B70BBD26E91F0F00C9CE1E /* CardGroupViewController.swift in Sources */,
				2456BF94268612E800E2361E /* DividerViewController.swift in Sources */,
				B768C57724E3186C0086BF9C /* InputViewController.swift in Sources */,
				24FEEBC12744282E00211FEC /* StepViewController.swift in Sources */,
				2479453226CFEAD6000F4DF0 /* CarouselViewController.swift in Sources */,
				B7BB717924E615B3007F8848 /* SnackbarViewController.swift in Sources */,
				E1DBF42929898E4100BCD65B /* SettingsListItemViewController.swift in Sources */,
				8ED08AE727EE075500ACDCB4 /* TabViewController.swift in Sources */,
				E13578B729F07252003A2B9D /* FilterBarViewController.swift in Sources */,
				24E39BA326DE5BCE006B6A02 /* BalanceViewController.swift in Sources */,
				B71D65FD24CA530000C3938C /* Components.swift in Sources */,
				2491356C26C5BB10005EE76E /* CheckBoxViewController.swift in Sources */,
				246535FC26E28B760079354A /* BadgeViewController.swift in Sources */,
				E1DB7A2428FF243900A0459A /* CardListItemViewController.swift in Sources */,
				AF833AAE2890764F0012AE58 /* TransactionFooterViewController.swift in Sources */,
				138EF63E268502E1000E65EA /* AlertBoxViewController.swift in Sources */,
				8ECB029F283319340037DC25 /* CardCrossSellViewController.swift in Sources */,
				246535F726E259C20079354A /* TagViewController.swift in Sources */,
				2482CDD4267D055100A50422 /* RadioButtonViewController.swift in Sources */,
				E985454E275EA0EF0010B9EC /* ChipsViewController.swift in Sources */,
				4241FB5227E8AD4B003EF1F3 /* ParentChildTextListViewController.swift in Sources */,
				B7BB722024EEEA89007F8848 /* SnackbarView.swift in Sources */,
				24E301B526EF911400D2296C /* SubheaderViewController.swift in Sources */,
				B833D03724A6796100587FDE /* SceneDelegate.swift in Sources */,
				13F2534526986B9400883519 /* ModalViewController.swift in Sources */,
				B71D65E724CA2A8200C3938C /* Cells.swift in Sources */,
				249999BC26AAFB2D004DAB05 /* CardOptionViewController.swift in Sources */,
				2479450726CAE9E6000F4DF0 /* BottomNavigationBarViewController.swift in Sources */,
			);
			runOnlyForDeploymentPostprocessing = 0;
		};
/* End PBXSourcesBuildPhase section */

/* Begin PBXTargetDependency section */
		24C801552682585600744F30 /* PBXTargetDependency */ = {
			isa = PBXTargetDependency;
			target = B833D03024A6796100587FDE /* OceanDesignSystem */;
			targetProxy = 24C801542682585600744F30 /* PBXContainerItemProxy */;
		};
/* End PBXTargetDependency section */

/* Begin PBXVariantGroup section */
		B833D03A24A6796100587FDE /* Main.storyboard */ = {
			isa = PBXVariantGroup;
			children = (
				B833D03B24A6796100587FDE /* Base */,
			);
			name = Main.storyboard;
			sourceTree = "<group>";
		};
		B833D03F24A6796300587FDE /* LaunchScreen.storyboard */ = {
			isa = PBXVariantGroup;
			children = (
				B833D04024A6796300587FDE /* Base */,
			);
			name = LaunchScreen.storyboard;
			sourceTree = "<group>";
		};
/* End PBXVariantGroup section */

/* Begin XCBuildConfiguration section */
		24C801562682585600744F30 /* Debug */ = {
			isa = XCBuildConfiguration;
			baseConfigurationReference = 2FDF6A3790FFDCE821511C4F /* Pods-OceanDesignSystemTests.debug.xcconfig */;
			buildSettings = {
				BUNDLE_LOADER = "$(TEST_HOST)";
				CLANG_WARN_QUOTED_INCLUDE_IN_FRAMEWORK_HEADER = YES;
				CODE_SIGN_STYLE = Automatic;
				DEVELOPMENT_TEAM = 57KSFR5UHN;
				INFOPLIST_FILE = OceanDesignSystemTests/Info.plist;
				LD_RUNPATH_SEARCH_PATHS = (
					"$(inherited)",
					"@executable_path/Frameworks",
					"@loader_path/Frameworks",
				);
				PRODUCT_BUNDLE_IDENTIFIER = br.com.blu.ocean.OceanDesignSystemTests;
				PRODUCT_NAME = "$(TARGET_NAME)";
				SWIFT_VERSION = 5.0;
				TEST_HOST = "$(BUILT_PRODUCTS_DIR)/OceanDesignSystem.app/OceanDesignSystem";
			};
			name = Debug;
		};
		24C801572682585600744F30 /* Release */ = {
			isa = XCBuildConfiguration;
			baseConfigurationReference = DEF0897C97A977F0864993D7 /* Pods-OceanDesignSystemTests.release.xcconfig */;
			buildSettings = {
				BUNDLE_LOADER = "$(TEST_HOST)";
				CLANG_WARN_QUOTED_INCLUDE_IN_FRAMEWORK_HEADER = YES;
				CODE_SIGN_STYLE = Automatic;
				DEVELOPMENT_TEAM = 57KSFR5UHN;
				INFOPLIST_FILE = OceanDesignSystemTests/Info.plist;
				LD_RUNPATH_SEARCH_PATHS = (
					"$(inherited)",
					"@executable_path/Frameworks",
					"@loader_path/Frameworks",
				);
				PRODUCT_BUNDLE_IDENTIFIER = br.com.blu.ocean.OceanDesignSystemTests;
				PRODUCT_NAME = "$(TARGET_NAME)";
				SWIFT_VERSION = 5.0;
				TEST_HOST = "$(BUILT_PRODUCTS_DIR)/OceanDesignSystem.app/OceanDesignSystem";
			};
			name = Release;
		};
		B833D04324A6796300587FDE /* Debug */ = {
			isa = XCBuildConfiguration;
			buildSettings = {
				ALWAYS_SEARCH_USER_PATHS = NO;
				CLANG_ANALYZER_NONNULL = YES;
				CLANG_ANALYZER_NUMBER_OBJECT_CONVERSION = YES_AGGRESSIVE;
				CLANG_CXX_LANGUAGE_STANDARD = "gnu++14";
				CLANG_CXX_LIBRARY = "libc++";
				CLANG_ENABLE_MODULES = YES;
				CLANG_ENABLE_OBJC_ARC = YES;
				CLANG_ENABLE_OBJC_WEAK = YES;
				CLANG_WARN_BLOCK_CAPTURE_AUTORELEASING = YES;
				CLANG_WARN_BOOL_CONVERSION = YES;
				CLANG_WARN_COMMA = YES;
				CLANG_WARN_CONSTANT_CONVERSION = YES;
				CLANG_WARN_DEPRECATED_OBJC_IMPLEMENTATIONS = YES;
				CLANG_WARN_DIRECT_OBJC_ISA_USAGE = YES_ERROR;
				CLANG_WARN_DOCUMENTATION_COMMENTS = YES;
				CLANG_WARN_EMPTY_BODY = YES;
				CLANG_WARN_ENUM_CONVERSION = YES;
				CLANG_WARN_INFINITE_RECURSION = YES;
				CLANG_WARN_INT_CONVERSION = YES;
				CLANG_WARN_NON_LITERAL_NULL_CONVERSION = YES;
				CLANG_WARN_OBJC_IMPLICIT_RETAIN_SELF = YES;
				CLANG_WARN_OBJC_LITERAL_CONVERSION = YES;
				CLANG_WARN_OBJC_ROOT_CLASS = YES_ERROR;
				CLANG_WARN_QUOTED_INCLUDE_IN_FRAMEWORK_HEADER = YES;
				CLANG_WARN_RANGE_LOOP_ANALYSIS = YES;
				CLANG_WARN_STRICT_PROTOTYPES = YES;
				CLANG_WARN_SUSPICIOUS_MOVE = YES;
				CLANG_WARN_UNGUARDED_AVAILABILITY = YES_AGGRESSIVE;
				CLANG_WARN_UNREACHABLE_CODE = YES;
				CLANG_WARN__DUPLICATE_METHOD_MATCH = YES;
				COPY_PHASE_STRIP = NO;
				DEBUG_INFORMATION_FORMAT = dwarf;
				ENABLE_STRICT_OBJC_MSGSEND = YES;
				ENABLE_TESTABILITY = YES;
				GCC_C_LANGUAGE_STANDARD = gnu11;
				GCC_DYNAMIC_NO_PIC = NO;
				GCC_NO_COMMON_BLOCKS = YES;
				GCC_OPTIMIZATION_LEVEL = 0;
				GCC_PREPROCESSOR_DEFINITIONS = (
					"DEBUG=1",
					"$(inherited)",
				);
				GCC_WARN_64_TO_32_BIT_CONVERSION = YES;
				GCC_WARN_ABOUT_RETURN_TYPE = YES_ERROR;
				GCC_WARN_UNDECLARED_SELECTOR = YES;
				GCC_WARN_UNINITIALIZED_AUTOS = YES_AGGRESSIVE;
				GCC_WARN_UNUSED_FUNCTION = YES;
				GCC_WARN_UNUSED_VARIABLE = YES;
				IPHONEOS_DEPLOYMENT_TARGET = 13.0;
				MTL_ENABLE_DEBUG_INFO = INCLUDE_SOURCE;
				MTL_FAST_MATH = YES;
				ONLY_ACTIVE_ARCH = YES;
				SDKROOT = iphoneos;
				SWIFT_ACTIVE_COMPILATION_CONDITIONS = DEBUG;
				SWIFT_OPTIMIZATION_LEVEL = "-Onone";
			};
			name = Debug;
		};
		B833D04424A6796300587FDE /* Release */ = {
			isa = XCBuildConfiguration;
			buildSettings = {
				ALWAYS_SEARCH_USER_PATHS = NO;
				CLANG_ANALYZER_NONNULL = YES;
				CLANG_ANALYZER_NUMBER_OBJECT_CONVERSION = YES_AGGRESSIVE;
				CLANG_CXX_LANGUAGE_STANDARD = "gnu++14";
				CLANG_CXX_LIBRARY = "libc++";
				CLANG_ENABLE_MODULES = YES;
				CLANG_ENABLE_OBJC_ARC = YES;
				CLANG_ENABLE_OBJC_WEAK = YES;
				CLANG_WARN_BLOCK_CAPTURE_AUTORELEASING = YES;
				CLANG_WARN_BOOL_CONVERSION = YES;
				CLANG_WARN_COMMA = YES;
				CLANG_WARN_CONSTANT_CONVERSION = YES;
				CLANG_WARN_DEPRECATED_OBJC_IMPLEMENTATIONS = YES;
				CLANG_WARN_DIRECT_OBJC_ISA_USAGE = YES_ERROR;
				CLANG_WARN_DOCUMENTATION_COMMENTS = YES;
				CLANG_WARN_EMPTY_BODY = YES;
				CLANG_WARN_ENUM_CONVERSION = YES;
				CLANG_WARN_INFINITE_RECURSION = YES;
				CLANG_WARN_INT_CONVERSION = YES;
				CLANG_WARN_NON_LITERAL_NULL_CONVERSION = YES;
				CLANG_WARN_OBJC_IMPLICIT_RETAIN_SELF = YES;
				CLANG_WARN_OBJC_LITERAL_CONVERSION = YES;
				CLANG_WARN_OBJC_ROOT_CLASS = YES_ERROR;
				CLANG_WARN_QUOTED_INCLUDE_IN_FRAMEWORK_HEADER = YES;
				CLANG_WARN_RANGE_LOOP_ANALYSIS = YES;
				CLANG_WARN_STRICT_PROTOTYPES = YES;
				CLANG_WARN_SUSPICIOUS_MOVE = YES;
				CLANG_WARN_UNGUARDED_AVAILABILITY = YES_AGGRESSIVE;
				CLANG_WARN_UNREACHABLE_CODE = YES;
				CLANG_WARN__DUPLICATE_METHOD_MATCH = YES;
				COPY_PHASE_STRIP = NO;
				DEBUG_INFORMATION_FORMAT = "dwarf-with-dsym";
				ENABLE_NS_ASSERTIONS = NO;
				ENABLE_STRICT_OBJC_MSGSEND = YES;
				GCC_C_LANGUAGE_STANDARD = gnu11;
				GCC_NO_COMMON_BLOCKS = YES;
				GCC_WARN_64_TO_32_BIT_CONVERSION = YES;
				GCC_WARN_ABOUT_RETURN_TYPE = YES_ERROR;
				GCC_WARN_UNDECLARED_SELECTOR = YES;
				GCC_WARN_UNINITIALIZED_AUTOS = YES_AGGRESSIVE;
				GCC_WARN_UNUSED_FUNCTION = YES;
				GCC_WARN_UNUSED_VARIABLE = YES;
				IPHONEOS_DEPLOYMENT_TARGET = 13.0;
				MTL_ENABLE_DEBUG_INFO = NO;
				MTL_FAST_MATH = YES;
				SDKROOT = iphoneos;
				SWIFT_COMPILATION_MODE = wholemodule;
				SWIFT_OPTIMIZATION_LEVEL = "-O";
				VALIDATE_PRODUCT = YES;
			};
			name = Release;
		};
		B833D04624A6796300587FDE /* Debug */ = {
			isa = XCBuildConfiguration;
			baseConfigurationReference = 043BA5BEEE6D99AE945720B4 /* Pods-OceanDesignSystem.debug.xcconfig */;
			buildSettings = {
				ASSETCATALOG_COMPILER_APPICON_NAME = AppIcon;
				CODE_SIGN_IDENTITY = "iPhone Distribution";
				CODE_SIGN_STYLE = Manual;
				CURRENT_PROJECT_VERSION = 267;
				DEFINES_MODULE = YES;
				DEVELOPMENT_TEAM = 57KSFR5UHN;
				INFOPLIST_FILE = OceanDesignSystem/Info.plist;
				LD_RUNPATH_SEARCH_PATHS = (
					"$(inherited)",
					"@executable_path/Frameworks",
				);
				MARKETING_VERSION = 1.0.0;
				PRODUCT_BUNDLE_IDENTIFIER = br.com.blu.ocean.DesignSystem;
				PRODUCT_NAME = "$(TARGET_NAME)";
				PROVISIONING_PROFILE_SPECIFIER = "match AppStore br.com.blu.ocean.DesignSystem";
				SWIFT_VERSION = 5.0;
			};
			name = Debug;
		};
		B833D04724A6796300587FDE /* Release */ = {
			isa = XCBuildConfiguration;
			baseConfigurationReference = A7964E389FBEAFC86B3DC30B /* Pods-OceanDesignSystem.release.xcconfig */;
			buildSettings = {
				ASSETCATALOG_COMPILER_APPICON_NAME = AppIcon;
				CODE_SIGN_IDENTITY = "iPhone Distribution";
				CODE_SIGN_STYLE = Manual;
				CURRENT_PROJECT_VERSION = 267;
				DEFINES_MODULE = YES;
				DEVELOPMENT_TEAM = 57KSFR5UHN;
				INFOPLIST_FILE = OceanDesignSystem/Info.plist;
				LD_RUNPATH_SEARCH_PATHS = (
					"$(inherited)",
					"@executable_path/Frameworks",
				);
				MARKETING_VERSION = 1.0.0;
				PRODUCT_BUNDLE_IDENTIFIER = br.com.blu.ocean.DesignSystem;
				PRODUCT_NAME = "$(TARGET_NAME)";
				PROVISIONING_PROFILE_SPECIFIER = "match AppStore br.com.blu.ocean.DesignSystem";
				SWIFT_VERSION = 5.0;
			};
			name = Release;
		};
/* End XCBuildConfiguration section */

/* Begin XCConfigurationList section */
		24C801582682585600744F30 /* Build configuration list for PBXNativeTarget "OceanDesignSystemTests" */ = {
			isa = XCConfigurationList;
			buildConfigurations = (
				24C801562682585600744F30 /* Debug */,
				24C801572682585600744F30 /* Release */,
			);
			defaultConfigurationIsVisible = 0;
			defaultConfigurationName = Release;
		};
		B833D02C24A6796100587FDE /* Build configuration list for PBXProject "OceanDesignSystem" */ = {
			isa = XCConfigurationList;
			buildConfigurations = (
				B833D04324A6796300587FDE /* Debug */,
				B833D04424A6796300587FDE /* Release */,
			);
			defaultConfigurationIsVisible = 0;
			defaultConfigurationName = Release;
		};
		B833D04524A6796300587FDE /* Build configuration list for PBXNativeTarget "OceanDesignSystem" */ = {
			isa = XCConfigurationList;
			buildConfigurations = (
				B833D04624A6796300587FDE /* Debug */,
				B833D04724A6796300587FDE /* Release */,
			);
			defaultConfigurationIsVisible = 0;
			defaultConfigurationName = Release;
		};
/* End XCConfigurationList section */
	};
	rootObject = B833D02924A6796100587FDE /* Project object */;
}
