// !$*UTF8*$!
{
	archiveVersion = 1;
	classes = {
	};
	objectVersion = 70;
	objects = {

/* Begin PBXBuildFile section */
		E14CBF5A2D710BA7000598DE /* OceanTokens in Frameworks */ = {isa = PBXBuildFile; productRef = E14CBF592D710BA7000598DE /* OceanTokens */; };
		E14CBF5E2D710D4B000598DE /* OceanComponents in Frameworks */ = {isa = PBXBuildFile; productRef = E14CBF5D2D710D4B000598DE /* OceanComponents */; };
/* End PBXBuildFile section */

/* Begin PBXContainerItemProxy section */
		24C801542682585600744F30 /* PBXContainerItemProxy */ = {
			isa = PBXContainerItemProxy;
			containerPortal = B833D02924A6796100587FDE /* Project object */;
			proxyType = 1;
			remoteGlobalIDString = B833D03024A6796100587FDE;
			remoteInfo = OceanDesignSystem;
		};
/* End PBXContainerItemProxy section */

/* Begin PBXCopyFilesBuildPhase section */
		B833D12A24A9839F00587FDE /* Embed Frameworks */ = {
			isa = PBXCopyFilesBuildPhase;
			buildActionMask = 2147483647;
			dstPath = "";
			dstSubfolderSpec = 10;
			files = (
			);
			name = "Embed Frameworks";
			runOnlyForDeploymentPostprocessing = 0;
		};
/* End PBXCopyFilesBuildPhase section */

/* Begin PBXFileReference section */
		E1EDB5B22D71042000A430FA /* OceanDesignSystem.app */ = {isa = PBXFileReference; explicitFileType = wrapper.application; includeInIndex = 0; path = OceanDesignSystem.app; sourceTree = BUILT_PRODUCTS_DIR; };
		E1EDB5B32D71042000A430FA /* OceanDesignSystemTests.xctest */ = {isa = PBXFileReference; explicitFileType = wrapper.cfbundle; includeInIndex = 0; path = OceanDesignSystemTests.xctest; sourceTree = BUILT_PRODUCTS_DIR; };
/* End PBXFileReference section */

/* Begin PBXFileSystemSynchronizedBuildFileExceptionSet section */
		429FC45B2D9D898D00DB33AD /* PBXFileSystemSynchronizedBuildFileExceptionSet */ = {
			isa = PBXFileSystemSynchronizedBuildFileExceptionSet;
			membershipExceptions = (
				Info.plist,
			);
			target = B833D03024A6796100587FDE /* OceanDesignSystem */;
		};
		429FC45C2D9D898D00DB33AD /* PBXFileSystemSynchronizedBuildFileExceptionSet */ = {
			isa = PBXFileSystemSynchronizedBuildFileExceptionSet;
			membershipExceptions = (
				OceanDesignSystemTests.swift,
			);
			target = 24C8014E2682585600744F30 /* OceanDesignSystemTests */;
		};
/* End PBXFileSystemSynchronizedBuildFileExceptionSet section */

/* Begin PBXFileSystemSynchronizedRootGroup section */
		429FC3E62D9D898D00DB33AD /* OceanDesignSystem */ = {isa = PBXFileSystemSynchronizedRootGroup; exceptions = (429FC45B2D9D898D00DB33AD /* PBXFileSystemSynchronizedBuildFileExceptionSet */, ); explicitFileTypes = {}; explicitFolders = (); path = OceanDesignSystem; sourceTree = "<group>"; };
		429FC4592D9D898D00DB33AD /* OceanDesignSystemTests */ = {isa = PBXFileSystemSynchronizedRootGroup; exceptions = (429FC45C2D9D898D00DB33AD /* PBXFileSystemSynchronizedBuildFileExceptionSet */, ); explicitFileTypes = {}; explicitFolders = (); path = OceanDesignSystemTests; sourceTree = "<group>"; };
/* End PBXFileSystemSynchronizedRootGroup section */

/* Begin PBXFrameworksBuildPhase section */
		24C8014C2682585600744F30 /* Frameworks */ = {
			isa = PBXFrameworksBuildPhase;
			buildActionMask = 2147483647;
			files = (
			);
			runOnlyForDeploymentPostprocessing = 0;
		};
		B833D02E24A6796100587FDE /* Frameworks */ = {
			isa = PBXFrameworksBuildPhase;
			buildActionMask = 2147483647;
			files = (
				E14CBF5E2D710D4B000598DE /* OceanComponents in Frameworks */,
				E14CBF5A2D710BA7000598DE /* OceanTokens in Frameworks */,
			);
			runOnlyForDeploymentPostprocessing = 0;
		};
/* End PBXFrameworksBuildPhase section */

/* Begin PBXGroup section */
		B833D02824A6796100587FDE = {
			isa = PBXGroup;
			children = (
				429FC3E62D9D898D00DB33AD /* OceanDesignSystem */,
				429FC4592D9D898D00DB33AD /* OceanDesignSystemTests */,
				E1EDB5B22D71042000A430FA /* OceanDesignSystem.app */,
				E1EDB5B32D71042000A430FA /* OceanDesignSystemTests.xctest */,
			);
			sourceTree = "<group>";
		};
/* End PBXGroup section */

/* Begin PBXNativeTarget section */
		24C8014E2682585600744F30 /* OceanDesignSystemTests */ = {
			isa = PBXNativeTarget;
			buildConfigurationList = 24C801582682585600744F30 /* Build configuration list for PBXNativeTarget "OceanDesignSystemTests" */;
			buildPhases = (
				24C8014B2682585600744F30 /* Sources */,
				24C8014C2682585600744F30 /* Frameworks */,
				24C8014D2682585600744F30 /* Resources */,
			);
			buildRules = (
			);
			dependencies = (
				24C801552682585600744F30 /* PBXTargetDependency */,
			);
			name = OceanDesignSystemTests;
			productName = OceanDesignSystemTests;
			productReference = E1EDB5B32D71042000A430FA /* OceanDesignSystemTests.xctest */;
			productType = "com.apple.product-type.bundle.unit-test";
		};
		B833D03024A6796100587FDE /* OceanDesignSystem */ = {
			isa = PBXNativeTarget;
			buildConfigurationList = B833D04524A6796300587FDE /* Build configuration list for PBXNativeTarget "OceanDesignSystem" */;
			buildPhases = (
				B833D02D24A6796100587FDE /* Sources */,
				B833D02E24A6796100587FDE /* Frameworks */,
				B833D02F24A6796100587FDE /* Resources */,
				B833D12A24A9839F00587FDE /* Embed Frameworks */,
			);
			buildRules = (
			);
			dependencies = (
			);
			fileSystemSynchronizedGroups = (
				429FC3E62D9D898D00DB33AD /* OceanDesignSystem */,
			);
			name = OceanDesignSystem;
			productName = OceanDesignSystem;
			productReference = E1EDB5B22D71042000A430FA /* OceanDesignSystem.app */;
			productType = "com.apple.product-type.application";
		};
/* End PBXNativeTarget section */

/* Begin PBXProject section */
		B833D02924A6796100587FDE /* Project object */ = {
			isa = PBXProject;
			attributes = {
				LastSwiftUpdateCheck = 1250;
				LastUpgradeCheck = 1340;
				ORGANIZATIONNAME = "Blu Pagamentos";
				TargetAttributes = {
					24C8014E2682585600744F30 = {
						CreatedOnToolsVersion = 12.5;
						TestTargetID = B833D03024A6796100587FDE;
					};
					B833D03024A6796100587FDE = {
						CreatedOnToolsVersion = 11.5;
					};
				};
			};
			buildConfigurationList = B833D02C24A6796100587FDE /* Build configuration list for PBXProject "OceanDesignSystem" */;
			compatibilityVersion = "Xcode 13.0";
			developmentRegion = en;
			hasScannedForEncodings = 0;
			knownRegions = (
				en,
				Base,
			);
			mainGroup = B833D02824A6796100587FDE;
			packageReferences = (
				E14CBF542D710BA7000598DE /* XCLocalSwiftPackageReference "../ocean-ios" */,
			);
			productRefGroup = B833D02824A6796100587FDE;
			projectDirPath = "";
			projectRoot = "";
			targets = (
				B833D03024A6796100587FDE /* OceanDesignSystem */,
				24C8014E2682585600744F30 /* OceanDesignSystemTests */,
			);
		};
/* End PBXProject section */

/* Begin PBXResourcesBuildPhase section */
		24C8014D2682585600744F30 /* Resources */ = {
			isa = PBXResourcesBuildPhase;
			buildActionMask = 2147483647;
			files = (
			);
			runOnlyForDeploymentPostprocessing = 0;
		};
		B833D02F24A6796100587FDE /* Resources */ = {
			isa = PBXResourcesBuildPhase;
			buildActionMask = 2147483647;
			files = (
			);
			runOnlyForDeploymentPostprocessing = 0;
		};
/* End PBXResourcesBuildPhase section */

/* Begin PBXSourcesBuildPhase section */
		24C8014B2682585600744F30 /* Sources */ = {
			isa = PBXSourcesBuildPhase;
			buildActionMask = 2147483647;
			files = (
			);
			runOnlyForDeploymentPostprocessing = 0;
		};
		B833D02D24A6796100587FDE /* Sources */ = {
			isa = PBXSourcesBuildPhase;
			buildActionMask = 2147483647;
			files = (
			);
			runOnlyForDeploymentPostprocessing = 0;
		};
/* End PBXSourcesBuildPhase section */

/* Begin PBXTargetDependency section */
		24C801552682585600744F30 /* PBXTargetDependency */ = {
			isa = PBXTargetDependency;
			target = B833D03024A6796100587FDE /* OceanDesignSystem */;
			targetProxy = 24C801542682585600744F30 /* PBXContainerItemProxy */;
		};
/* End PBXTargetDependency section */

/* Begin XCBuildConfiguration section */
		24C801562682585600744F30 /* Debug */ = {
			isa = XCBuildConfiguration;
			buildSettings = {
				BUNDLE_LOADER = "$(TEST_HOST)";
				CODE_SIGN_STYLE = Manual;
				DEVELOPMENT_TEAM = "";
				"DEVELOPMENT_TEAM[sdk=iphoneos*]" = "";
				INFOPLIST_FILE = OceanDesignSystemTests/Info.plist;
				LD_RUNPATH_SEARCH_PATHS = (
					"$(inherited)",
					"@executable_path/Frameworks",
					"@loader_path/Frameworks",
				);
				PRODUCT_BUNDLE_IDENTIFIER = br.com.blu.ocean.OceanDesignSystemTests;
				PRODUCT_NAME = "$(TARGET_NAME)";
				PROVISIONING_PROFILE_SPECIFIER = "";
				"PROVISIONING_PROFILE_SPECIFIER[sdk=iphoneos*]" = "";
				SWIFT_VERSION = 5.0;
				TEST_HOST = "$(BUILT_PRODUCTS_DIR)/OceanDesignSystem.app/OceanDesignSystem";
			};
			name = Debug;
		};
		24C801572682585600744F30 /* Release */ = {
			isa = XCBuildConfiguration;
			buildSettings = {
				BUNDLE_LOADER = "$(TEST_HOST)";
				CODE_SIGN_STYLE = Manual;
				DEVELOPMENT_TEAM = "";
				"DEVELOPMENT_TEAM[sdk=iphoneos*]" = "";
				INFOPLIST_FILE = OceanDesignSystemTests/Info.plist;
				LD_RUNPATH_SEARCH_PATHS = (
					"$(inherited)",
					"@executable_path/Frameworks",
					"@loader_path/Frameworks",
				);
				PRODUCT_BUNDLE_IDENTIFIER = br.com.blu.ocean.OceanDesignSystemTests;
				PRODUCT_NAME = "$(TARGET_NAME)";
				PROVISIONING_PROFILE_SPECIFIER = "";
				"PROVISIONING_PROFILE_SPECIFIER[sdk=iphoneos*]" = "";
				SWIFT_VERSION = 5.0;
				TEST_HOST = "$(BUILT_PRODUCTS_DIR)/OceanDesignSystem.app/OceanDesignSystem";
			};
			name = Release;
		};
		B833D04324A6796300587FDE /* Debug */ = {
			isa = XCBuildConfiguration;
			buildSettings = {
				ALWAYS_SEARCH_USER_PATHS = NO;
				CLANG_ANALYZER_NONNULL = YES;
				CLANG_ANALYZER_NUMBER_OBJECT_CONVERSION = YES_AGGRESSIVE;
				CLANG_CXX_LANGUAGE_STANDARD = "gnu++14";
				CLANG_CXX_LIBRARY = "libc++";
				CLANG_ENABLE_MODULES = YES;
				CLANG_ENABLE_OBJC_ARC = YES;
				CLANG_ENABLE_OBJC_WEAK = YES;
				CLANG_WARN_BLOCK_CAPTURE_AUTORELEASING = YES;
				CLANG_WARN_BOOL_CONVERSION = YES;
				CLANG_WARN_COMMA = YES;
				CLANG_WARN_CONSTANT_CONVERSION = YES;
				CLANG_WARN_DEPRECATED_OBJC_IMPLEMENTATIONS = YES;
				CLANG_WARN_DIRECT_OBJC_ISA_USAGE = YES_ERROR;
				CLANG_WARN_DOCUMENTATION_COMMENTS = YES;
				CLANG_WARN_EMPTY_BODY = YES;
				CLANG_WARN_ENUM_CONVERSION = YES;
				CLANG_WARN_INFINITE_RECURSION = YES;
				CLANG_WARN_INT_CONVERSION = YES;
				CLANG_WARN_NON_LITERAL_NULL_CONVERSION = YES;
				CLANG_WARN_OBJC_IMPLICIT_RETAIN_SELF = YES;
				CLANG_WARN_OBJC_LITERAL_CONVERSION = YES;
				CLANG_WARN_OBJC_ROOT_CLASS = YES_ERROR;
				CLANG_WARN_QUOTED_INCLUDE_IN_FRAMEWORK_HEADER = YES;
				CLANG_WARN_RANGE_LOOP_ANALYSIS = YES;
				CLANG_WARN_STRICT_PROTOTYPES = YES;
				CLANG_WARN_SUSPICIOUS_MOVE = YES;
				CLANG_WARN_UNGUARDED_AVAILABILITY = YES_AGGRESSIVE;
				CLANG_WARN_UNREACHABLE_CODE = YES;
				CLANG_WARN__DUPLICATE_METHOD_MATCH = YES;
				COPY_PHASE_STRIP = NO;
				DEBUG_INFORMATION_FORMAT = dwarf;
				ENABLE_STRICT_OBJC_MSGSEND = YES;
				ENABLE_TESTABILITY = YES;
				GCC_C_LANGUAGE_STANDARD = gnu11;
				GCC_DYNAMIC_NO_PIC = NO;
				GCC_NO_COMMON_BLOCKS = YES;
				GCC_OPTIMIZATION_LEVEL = 0;
				GCC_PREPROCESSOR_DEFINITIONS = (
					"DEBUG=1",
					"$(inherited)",
				);
				GCC_WARN_64_TO_32_BIT_CONVERSION = YES;
				GCC_WARN_ABOUT_RETURN_TYPE = YES_ERROR;
				GCC_WARN_UNDECLARED_SELECTOR = YES;
				GCC_WARN_UNINITIALIZED_AUTOS = YES_AGGRESSIVE;
				GCC_WARN_UNUSED_FUNCTION = YES;
				GCC_WARN_UNUSED_VARIABLE = YES;
				IPHONEOS_DEPLOYMENT_TARGET = 13.0;
				MTL_ENABLE_DEBUG_INFO = INCLUDE_SOURCE;
				MTL_FAST_MATH = YES;
				ONLY_ACTIVE_ARCH = YES;
				SDKROOT = iphoneos;
				SWIFT_ACTIVE_COMPILATION_CONDITIONS = DEBUG;
				SWIFT_OPTIMIZATION_LEVEL = "-Onone";
			};
			name = Debug;
		};
		B833D04424A6796300587FDE /* Release */ = {
			isa = XCBuildConfiguration;
			buildSettings = {
				ALWAYS_SEARCH_USER_PATHS = NO;
				CLANG_ANALYZER_NONNULL = YES;
				CLANG_ANALYZER_NUMBER_OBJECT_CONVERSION = YES_AGGRESSIVE;
				CLANG_CXX_LANGUAGE_STANDARD = "gnu++14";
				CLANG_CXX_LIBRARY = "libc++";
				CLANG_ENABLE_MODULES = YES;
				CLANG_ENABLE_OBJC_ARC = YES;
				CLANG_ENABLE_OBJC_WEAK = YES;
				CLANG_WARN_BLOCK_CAPTURE_AUTORELEASING = YES;
				CLANG_WARN_BOOL_CONVERSION = YES;
				CLANG_WARN_COMMA = YES;
				CLANG_WARN_CONSTANT_CONVERSION = YES;
				CLANG_WARN_DEPRECATED_OBJC_IMPLEMENTATIONS = YES;
				CLANG_WARN_DIRECT_OBJC_ISA_USAGE = YES_ERROR;
				CLANG_WARN_DOCUMENTATION_COMMENTS = YES;
				CLANG_WARN_EMPTY_BODY = YES;
				CLANG_WARN_ENUM_CONVERSION = YES;
				CLANG_WARN_INFINITE_RECURSION = YES;
				CLANG_WARN_INT_CONVERSION = YES;
				CLANG_WARN_NON_LITERAL_NULL_CONVERSION = YES;
				CLANG_WARN_OBJC_IMPLICIT_RETAIN_SELF = YES;
				CLANG_WARN_OBJC_LITERAL_CONVERSION = YES;
				CLANG_WARN_OBJC_ROOT_CLASS = YES_ERROR;
				CLANG_WARN_QUOTED_INCLUDE_IN_FRAMEWORK_HEADER = YES;
				CLANG_WARN_RANGE_LOOP_ANALYSIS = YES;
				CLANG_WARN_STRICT_PROTOTYPES = YES;
				CLANG_WARN_SUSPICIOUS_MOVE = YES;
				CLANG_WARN_UNGUARDED_AVAILABILITY = YES_AGGRESSIVE;
				CLANG_WARN_UNREACHABLE_CODE = YES;
				CLANG_WARN__DUPLICATE_METHOD_MATCH = YES;
				COPY_PHASE_STRIP = NO;
				DEBUG_INFORMATION_FORMAT = "dwarf-with-dsym";
				ENABLE_NS_ASSERTIONS = NO;
				ENABLE_STRICT_OBJC_MSGSEND = YES;
				GCC_C_LANGUAGE_STANDARD = gnu11;
				GCC_NO_COMMON_BLOCKS = YES;
				GCC_WARN_64_TO_32_BIT_CONVERSION = YES;
				GCC_WARN_ABOUT_RETURN_TYPE = YES_ERROR;
				GCC_WARN_UNDECLARED_SELECTOR = YES;
				GCC_WARN_UNINITIALIZED_AUTOS = YES_AGGRESSIVE;
				GCC_WARN_UNUSED_FUNCTION = YES;
				GCC_WARN_UNUSED_VARIABLE = YES;
				IPHONEOS_DEPLOYMENT_TARGET = 13.0;
				MTL_ENABLE_DEBUG_INFO = NO;
				MTL_FAST_MATH = YES;
				SDKROOT = iphoneos;
				SWIFT_COMPILATION_MODE = wholemodule;
				SWIFT_OPTIMIZATION_LEVEL = "-O";
				VALIDATE_PRODUCT = YES;
			};
			name = Release;
		};
		B833D04624A6796300587FDE /* Debug */ = {
			isa = XCBuildConfiguration;
			buildSettings = {
				ASSETCATALOG_COMPILER_APPICON_NAME = AppIcon;
				CODE_SIGN_IDENTITY = "iPhone Distribution";
				"CODE_SIGN_IDENTITY[sdk=iphoneos*]" = "iPhone Distribution";
				CODE_SIGN_STYLE = Manual;
				CURRENT_PROJECT_VERSION = 578;
				DEFINES_MODULE = YES;
				DEVELOPMENT_TEAM = 57KSFR5UHN;
				"DEVELOPMENT_TEAM[sdk=iphoneos*]" = 57KSFR5UHN;
				INFOPLIST_FILE = OceanDesignSystem/Info.plist;
				LD_RUNPATH_SEARCH_PATHS = (
					"$(inherited)",
					"@executable_path/Frameworks",
				);
				MARKETING_VERSION = 1.0.0;
				PRODUCT_BUNDLE_IDENTIFIER = br.com.blu.ocean.DesignSystem;
				PRODUCT_NAME = "$(TARGET_NAME)";
				PROVISIONING_PROFILE_SPECIFIER = "match AppStore br.com.blu.ocean.DesignSystem";
				"PROVISIONING_PROFILE_SPECIFIER[sdk=iphoneos*]" = "match AppStore br.com.blu.ocean.DesignSystem";
				SWIFT_VERSION = 5.0;
			};
			name = Debug;
		};
		B833D04724A6796300587FDE /* Release */ = {
			isa = XCBuildConfiguration;
			buildSettings = {
				ASSETCATALOG_COMPILER_APPICON_NAME = AppIcon;
				CODE_SIGN_IDENTITY = "iPhone Distribution";
				"CODE_SIGN_IDENTITY[sdk=iphoneos*]" = "iPhone Distribution";
				CODE_SIGN_STYLE = Manual;
				CURRENT_PROJECT_VERSION = 578;
				DEFINES_MODULE = YES;
				DEVELOPMENT_TEAM = 57KSFR5UHN;
				"DEVELOPMENT_TEAM[sdk=iphoneos*]" = 57KSFR5UHN;
				INFOPLIST_FILE = OceanDesignSystem/Info.plist;
				LD_RUNPATH_SEARCH_PATHS = (
					"$(inherited)",
					"@executable_path/Frameworks",
				);
				MARKETING_VERSION = 1.0.0;
				PRODUCT_BUNDLE_IDENTIFIER = br.com.blu.ocean.DesignSystem;
				PRODUCT_NAME = "$(TARGET_NAME)";
				PROVISIONING_PROFILE_SPECIFIER = "match AppStore br.com.blu.ocean.DesignSystem";
				"PROVISIONING_PROFILE_SPECIFIER[sdk=iphoneos*]" = "match AppStore br.com.blu.ocean.DesignSystem";
				SWIFT_VERSION = 5.0;
			};
			name = Release;
		};
/* End XCBuildConfiguration section */

/* Begin XCConfigurationList section */
		24C801582682585600744F30 /* Build configuration list for PBXNativeTarget "OceanDesignSystemTests" */ = {
			isa = XCConfigurationList;
			buildConfigurations = (
				24C801562682585600744F30 /* Debug */,
				24C801572682585600744F30 /* Release */,
			);
			defaultConfigurationIsVisible = 0;
			defaultConfigurationName = Release;
		};
		B833D02C24A6796100587FDE /* Build configuration list for PBXProject "OceanDesignSystem" */ = {
			isa = XCConfigurationList;
			buildConfigurations = (
				B833D04324A6796300587FDE /* Debug */,
				B833D04424A6796300587FDE /* Release */,
			);
			defaultConfigurationIsVisible = 0;
			defaultConfigurationName = Release;
		};
		B833D04524A6796300587FDE /* Build configuration list for PBXNativeTarget "OceanDesignSystem" */ = {
			isa = XCConfigurationList;
			buildConfigurations = (
				B833D04624A6796300587FDE /* Debug */,
				B833D04724A6796300587FDE /* Release */,
			);
			defaultConfigurationIsVisible = 0;
			defaultConfigurationName = Release;
		};
/* End XCConfigurationList section */

/* Begin XCLocalSwiftPackageReference section */
		E14CBF542D710BA7000598DE /* XCLocalSwiftPackageReference "../ocean-ios" */ = {
			isa = XCLocalSwiftPackageReference;
			relativePath = "../ocean-ios";
		};
/* End XCLocalSwiftPackageReference section */

/* Begin XCSwiftPackageProductDependency section */
		E14CBF592D710BA7000598DE /* OceanTokens */ = {
			isa = XCSwiftPackageProductDependency;
			productName = OceanTokens;
		};
		E14CBF5D2D710D4B000598DE /* OceanComponents */ = {
			isa = XCSwiftPackageProductDependency;
			productName = OceanComponents;
		};
/* End XCSwiftPackageProductDependency section */
	};
	rootObject = B833D02924A6796100587FDE /* Project object */;
}
